
Microsoft Visual Studio Solution File, Format Version 12.00
# Visual Studio Version 17
VisualStudioVersion = 17.12.35527.113
MinimumVisualStudioVersion = 10.0.40219.1
Project("{FAE04EC0-301F-11D3-BF4B-00C04F79EFBC}") = "Client", "Client\Client.csproj", "{5485EC2E-B061-4CD7-A4BF-736FD1C871E8}"
EndProject
Project("{FAE04EC0-301F-11D3-BF4B-00C04F79EFBC}") = "Api", "Api\Api.csproj", "{65EE3C03-CB69-4FC0-9ACA-1228F7930340}"
EndProject
Global
	GlobalSection(SolutionConfigurationPlatforms) = preSolution
		Debug|Any CPU = Debug|Any CPU
		Release|Any CPU = Release|Any CPU
	EndGlobalSection
	GlobalSection(ProjectConfigurationPlatforms) = postSolution
		{5485EC2E-B061-4CD7-A4BF-736FD1C871E8}.Debug|Any CPU.ActiveCfg = Debug|Any CPU
		{5485EC2E-B061-4CD7-A4BF-736FD1C871E8}.Debug|Any CPU.Build.0 = Debug|Any CPU
		{5485EC2E-B061-4CD7-A4BF-736FD1C871E8}.Release|Any CPU.ActiveCfg = Release|Any CPU
		{5485EC2E-B061-4CD7-A4BF-736FD1C871E8}.Release|Any CPU.Build.0 = Release|Any CPU
		{65EE3C03-CB69-4FC0-9ACA-1228F7930340}.Debug|Any CPU.ActiveCfg = Debug|Any CPU
		{65EE3C03-CB69-4FC0-9ACA-1228F7930340}.Debug|Any CPU.Build.0 = Debug|Any CPU
		{65EE3C03-CB69-4FC0-9ACA-1228F7930340}.Release|Any CPU.ActiveCfg = Release|Any CPU
		{65EE3C03-CB69-4FC0-9ACA-1228F7930340}.Release|Any CPU.Build.0 = Release|Any CPU
	EndGlobalSection
	GlobalSection(SolutionProperties) = preSolution
		HideSolutionNode = FALSE
	EndGlobalSection
EndGlobal
